// !$*UTF8*$!
{
	archiveVersion = 1;
	classes = {
	};
	objectVersion = 46;
	objects = {

/* Begin PBXBuildFile section */
		EFD87897FFC8B104E10F9135 /* libPods-magnetometer.a in Frameworks */ = {isa = PBXBuildFile; fileRef = AA3DBD8784968D1EC86D619C /* libPods-magnetometer.a */; };
		F6B41E2E1EE7E2C700022846 /* main.m in Sources */ = {isa = PBXBuildFile; fileRef = F6B41E2D1EE7E2C700022846 /* main.m */; };
		F6B41E311EE7E2C700022846 /* AppDelegate.m in Sources */ = {isa = PBXBuildFile; fileRef = F6B41E301EE7E2C700022846 /* AppDelegate.m */; };
		F6B41E341EE7E2C700022846 /* ViewController.m in Sources */ = {isa = PBXBuildFile; fileRef = F6B41E331EE7E2C700022846 /* ViewController.m */; };
		F6B41E371EE7E2C700022846 /* Main.storyboard in Resources */ = {isa = PBXBuildFile; fileRef = F6B41E351EE7E2C700022846 /* Main.storyboard */; };
		F6B41E391EE7E2C700022846 /* Assets.xcassets in Resources */ = {isa = PBXBuildFile; fileRef = F6B41E381EE7E2C700022846 /* Assets.xcassets */; };
		F6B41E3C1EE7E2C700022846 /* LaunchScreen.storyboard in Resources */ = {isa = PBXBuildFile; fileRef = F6B41E3A1EE7E2C700022846 /* LaunchScreen.storyboard */; };
/* End PBXBuildFile section */

/* Begin PBXFileReference section */
		11AFD11B8F52154FBB538A82 /* Pods-magnetometer.release.xcconfig */ = {isa = PBXFileReference; includeInIndex = 1; lastKnownFileType = text.xcconfig; name = "Pods-magnetometer.release.xcconfig"; path = "Pods/Target Support Files/Pods-magnetometer/Pods-magnetometer.release.xcconfig"; sourceTree = "<group>"; };
		904C1513EADD9B279AA4777C /* Pods-magnetometer.debug.xcconfig */ = {isa = PBXFileReference; includeInIndex = 1; lastKnownFileType = text.xcconfig; name = "Pods-magnetometer.debug.xcconfig"; path = "Pods/Target Support Files/Pods-magnetometer/Pods-magnetometer.debug.xcconfig"; sourceTree = "<group>"; };
		AA3DBD8784968D1EC86D619C /* libPods-magnetometer.a */ = {isa = PBXFileReference; explicitFileType = archive.ar; includeInIndex = 0; path = "libPods-magnetometer.a"; sourceTree = BUILT_PRODUCTS_DIR; };
		F6B41E291EE7E2C700022846 /* magnetometer.app */ = {isa = PBXFileReference; explicitFileType = wrapper.application; includeInIndex = 0; path = magnetometer.app; sourceTree = BUILT_PRODUCTS_DIR; };
		F6B41E2D1EE7E2C700022846 /* main.m */ = {isa = PBXFileReference; lastKnownFileType = sourcecode.c.objc; path = main.m; sourceTree = "<group>"; };
		F6B41E2F1EE7E2C700022846 /* AppDelegate.h */ = {isa = PBXFileReference; lastKnownFileType = sourcecode.c.h; path = AppDelegate.h; sourceTree = "<group>"; };
		F6B41E301EE7E2C700022846 /* AppDelegate.m */ = {isa = PBXFileReference; lastKnownFileType = sourcecode.c.objc; path = AppDelegate.m; sourceTree = "<group>"; };
		F6B41E321EE7E2C700022846 /* ViewController.h */ = {isa = PBXFileReference; lastKnownFileType = sourcecode.c.h; path = ViewController.h; sourceTree = "<group>"; };
		F6B41E331EE7E2C700022846 /* ViewController.m */ = {isa = PBXFileReference; lastKnownFileType = sourcecode.c.objc; path = ViewController.m; sourceTree = "<group>"; };
		F6B41E361EE7E2C700022846 /* Base */ = {isa = PBXFileReference; lastKnownFileType = file.storyboard; name = Base; path = Base.lproj/Main.storyboard; sourceTree = "<group>"; };
		F6B41E381EE7E2C700022846 /* Assets.xcassets */ = {isa = PBXFileReference; lastKnownFileType = folder.assetcatalog; path = Assets.xcassets; sourceTree = "<group>"; };
		F6B41E3B1EE7E2C700022846 /* Base */ = {isa = PBXFileReference; lastKnownFileType = file.storyboard; name = Base; path = Base.lproj/LaunchScreen.storyboard; sourceTree = "<group>"; };
		F6B41E3D1EE7E2C700022846 /* Info.plist */ = {isa = PBXFileReference; lastKnownFileType = text.plist.xml; path = Info.plist; sourceTree = "<group>"; };
/* End PBXFileReference section */

/* Begin PBXFrameworksBuildPhase section */
		F6B41E261EE7E2C700022846 /* Frameworks */ = {
			isa = PBXFrameworksBuildPhase;
			buildActionMask = 2147483647;
			files = (
				EFD87897FFC8B104E10F9135 /* libPods-magnetometer.a in Frameworks */,
			);
			runOnlyForDeploymentPostprocessing = 0;
		};
/* End PBXFrameworksBuildPhase section */

/* Begin PBXGroup section */
		66BFB0CD98E8B4E0575075A7 /* Frameworks */ = {
			isa = PBXGroup;
			children = (
				AA3DBD8784968D1EC86D619C /* libPods-magnetometer.a */,
			);
			name = Frameworks;
			sourceTree = "<group>";
		};
		AF059ED9D83448AF987445C6 /* Pods */ = {
			isa = PBXGroup;
			children = (
				904C1513EADD9B279AA4777C /* Pods-magnetometer.debug.xcconfig */,
				11AFD11B8F52154FBB538A82 /* Pods-magnetometer.release.xcconfig */,
			);
			name = Pods;
			sourceTree = "<group>";
		};
		F6B41E201EE7E2C700022846 = {
			isa = PBXGroup;
			children = (
				F6B41E2B1EE7E2C700022846 /* magnetometer */,
				F6B41E2A1EE7E2C700022846 /* Products */,
				AF059ED9D83448AF987445C6 /* Pods */,
				66BFB0CD98E8B4E0575075A7 /* Frameworks */,
			);
			sourceTree = "<group>";
		};
		F6B41E2A1EE7E2C700022846 /* Products */ = {
			isa = PBXGroup;
			children = (
				F6B41E291EE7E2C700022846 /* magnetometer.app */,
			);
			name = Products;
			sourceTree = "<group>";
		};
		F6B41E2B1EE7E2C700022846 /* magnetometer */ = {
			isa = PBXGroup;
			children = (
				F6B41E2F1EE7E2C700022846 /* AppDelegate.h */,
				F6B41E301EE7E2C700022846 /* AppDelegate.m */,
				F6B41E321EE7E2C700022846 /* ViewController.h */,
				F6B41E331EE7E2C700022846 /* ViewController.m */,
				F6B41E351EE7E2C700022846 /* Main.storyboard */,
				F6B41E381EE7E2C700022846 /* Assets.xcassets */,
				F6B41E3A1EE7E2C700022846 /* LaunchScreen.storyboard */,
				F6B41E3D1EE7E2C700022846 /* Info.plist */,
				F6B41E2C1EE7E2C700022846 /* Supporting Files */,
			);
			path = magnetometer;
			sourceTree = "<group>";
		};
		F6B41E2C1EE7E2C700022846 /* Supporting Files */ = {
			isa = PBXGroup;
			children = (
				F6B41E2D1EE7E2C700022846 /* main.m */,
			);
			name = "Supporting Files";
			sourceTree = "<group>";
		};
/* End PBXGroup section */

/* Begin PBXNativeTarget section */
		F6B41E281EE7E2C700022846 /* magnetometer */ = {
			isa = PBXNativeTarget;
			buildConfigurationList = F6B41E401EE7E2C700022846 /* Build configuration list for PBXNativeTarget "magnetometer" */;
			buildPhases = (
				9F367AEB61F1227DF7331252 /* [CP] Check Pods Manifest.lock */,
				F6B41E251EE7E2C700022846 /* Sources */,
				F6B41E261EE7E2C700022846 /* Frameworks */,
				F6B41E271EE7E2C700022846 /* Resources */,
				8324AB908AF3516AEA401171 /* [CP] Embed Pods Frameworks */,
				D56C6E99A00DE842FC802CA9 /* [CP] Copy Pods Resources */,
			);
			buildRules = (
			);
			dependencies = (
			);
			name = magnetometer;
			productName = magnetometer;
			productReference = F6B41E291EE7E2C700022846 /* magnetometer.app */;
			productType = "com.apple.product-type.application";
		};
/* End PBXNativeTarget section */

/* Begin PBXProject section */
		F6B41E211EE7E2C700022846 /* Project object */ = {
			isa = PBXProject;
			attributes = {
				LastUpgradeCheck = 0830;
				ORGANIZATIONNAME = stan;
				TargetAttributes = {
					F6B41E281EE7E2C700022846 = {
						CreatedOnToolsVersion = 8.3.2;
						DevelopmentTeam = AZT38BP2GZ;
						ProvisioningStyle = Automatic;
					};
				};
			};
			buildConfigurationList = F6B41E241EE7E2C700022846 /* Build configuration list for PBXProject "magnetometer" */;
			compatibilityVersion = "Xcode 3.2";
			developmentRegion = English;
			hasScannedForEncodings = 0;
			knownRegions = (
				en,
				Base,
			);
			mainGroup = F6B41E201EE7E2C700022846;
			productRefGroup = F6B41E2A1EE7E2C700022846 /* Products */;
			projectDirPath = "";
			projectRoot = "";
			targets = (
				F6B41E281EE7E2C700022846 /* magnetometer */,
			);
		};
/* End PBXProject section */

/* Begin PBXResourcesBuildPhase section */
		F6B41E271EE7E2C700022846 /* Resources */ = {
			isa = PBXResourcesBuildPhase;
			buildActionMask = 2147483647;
			files = (
				F6B41E3C1EE7E2C700022846 /* LaunchScreen.storyboard in Resources */,
				F6B41E391EE7E2C700022846 /* Assets.xcassets in Resources */,
				F6B41E371EE7E2C700022846 /* Main.storyboard in Resources */,
			);
			runOnlyForDeploymentPostprocessing = 0;
		};
/* End PBXResourcesBuildPhase section */

/* Begin PBXShellScriptBuildPhase section */
		8324AB908AF3516AEA401171 /* [CP] Embed Pods Frameworks */ = {
			isa = PBXShellScriptBuildPhase;
			buildActionMask = 2147483647;
			files = (
			);
			inputPaths = (
			);
			name = "[CP] Embed Pods Frameworks";
			outputPaths = (
			);
			runOnlyForDeploymentPostprocessing = 0;
			shellPath = /bin/sh;
			shellScript = "\"${SRCROOT}/Pods/Target Support Files/Pods-magnetometer/Pods-magnetometer-frameworks.sh\"\n";
			showEnvVarsInLog = 0;
		};
		9F367AEB61F1227DF7331252 /* [CP] Check Pods Manifest.lock */ = {
			isa = PBXShellScriptBuildPhase;
			buildActionMask = 2147483647;
			files = (
			);
			inputPaths = (
			);
			name = "[CP] Check Pods Manifest.lock";
			outputPaths = (
			);
			runOnlyForDeploymentPostprocessing = 0;
			shellPath = /bin/sh;
			shellScript = "diff \"${PODS_PODFILE_DIR_PATH}/Podfile.lock\" \"${PODS_ROOT}/Manifest.lock\" > /dev/null\nif [ $? != 0 ] ; then\n    # print error to STDERR\n    echo \"error: The sandbox is not in sync with the Podfile.lock. Run 'pod install' or update your CocoaPods installation.\" >&2\n    exit 1\nfi\n";
			showEnvVarsInLog = 0;
		};
		D56C6E99A00DE842FC802CA9 /* [CP] Copy Pods Resources */ = {
			isa = PBXShellScriptBuildPhase;
			buildActionMask = 2147483647;
			files = (
			);
			inputPaths = (
			);
			name = "[CP] Copy Pods Resources";
			outputPaths = (
			);
			runOnlyForDeploymentPostprocessing = 0;
			shellPath = /bin/sh;
			shellScript = "\"${SRCROOT}/Pods/Target Support Files/Pods-magnetometer/Pods-magnetometer-resources.sh\"\n";
			showEnvVarsInLog = 0;
		};
/* End PBXShellScriptBuildPhase section */

/* Begin PBXSourcesBuildPhase section */
		F6B41E251EE7E2C700022846 /* Sources */ = {
			isa = PBXSourcesBuildPhase;
			buildActionMask = 2147483647;
			files = (
				F6B41E341EE7E2C700022846 /* ViewController.m in Sources */,
				F6B41E311EE7E2C700022846 /* AppDelegate.m in Sources */,
				F6B41E2E1EE7E2C700022846 /* main.m in Sources */,
			);
			runOnlyForDeploymentPostprocessing = 0;
		};
/* End PBXSourcesBuildPhase section */

/* Begin PBXVariantGroup section */
		F6B41E351EE7E2C700022846 /* Main.storyboard */ = {
			isa = PBXVariantGroup;
			children = (
				F6B41E361EE7E2C700022846 /* Base */,
			);
			name = Main.storyboard;
			sourceTree = "<group>";
		};
		F6B41E3A1EE7E2C700022846 /* LaunchScreen.storyboard */ = {
			isa = PBXVariantGroup;
			children = (
				F6B41E3B1EE7E2C700022846 /* Base */,
			);
			name = LaunchScreen.storyboard;
			sourceTree = "<group>";
		};
/* End PBXVariantGroup section */

/* Begin XCBuildConfiguration section */
		F6B41E3E1EE7E2C700022846 /* Debug */ = {
			isa = XCBuildConfiguration;
			buildSettings = {
				ALWAYS_SEARCH_USER_PATHS = NO;
				CLANG_ANALYZER_NONNULL = YES;
				CLANG_ANALYZER_NUMBER_OBJECT_CONVERSION = YES_AGGRESSIVE;
				CLANG_CXX_LANGUAGE_STANDARD = "gnu++0x";
				CLANG_CXX_LIBRARY = "libc++";
				CLANG_ENABLE_MODULES = YES;
				CLANG_ENABLE_OBJC_ARC = YES;
				CLANG_WARN_BOOL_CONVERSION = YES;
				CLANG_WARN_CONSTANT_CONVERSION = YES;
				CLANG_WARN_DIRECT_OBJC_ISA_USAGE = YES_ERROR;
				CLANG_WARN_DOCUMENTATION_COMMENTS = YES;
				CLANG_WARN_EMPTY_BODY = YES;
				CLANG_WARN_ENUM_CONVERSION = YES;
				CLANG_WARN_INFINITE_RECURSION = YES;
				CLANG_WARN_INT_CONVERSION = YES;
				CLANG_WARN_OBJC_ROOT_CLASS = YES_ERROR;
				CLANG_WARN_SUSPICIOUS_MOVE = YES;
				CLANG_WARN_UNREACHABLE_CODE = YES;
				CLANG_WARN__DUPLICATE_METHOD_MATCH = YES;
				"CODE_SIGN_IDENTITY[sdk=iphoneos*]" = "iPhone Developer";
				COPY_PHASE_STRIP = NO;
				DEBUG_INFORMATION_FORMAT = dwarf;
				ENABLE_STRICT_OBJC_MSGSEND = YES;
				ENABLE_TESTABILITY = YES;
				GCC_C_LANGUAGE_STANDARD = gnu99;
				GCC_DYNAMIC_NO_PIC = NO;
				GCC_NO_COMMON_BLOCKS = YES;
				GCC_OPTIMIZATION_LEVEL = 0;
				GCC_PREPROCESSOR_DEFINITIONS = (
					"DEBUG=1",
					"$(inherited)",
				);
				GCC_WARN_64_TO_32_BIT_CONVERSION = YES;
				GCC_WARN_ABOUT_RETURN_TYPE = YES_ERROR;
				GCC_WARN_UNDECLARED_SELECTOR = YES;
				GCC_WARN_UNINITIALIZED_AUTOS = YES_AGGRESSIVE;
				GCC_WARN_UNUSED_FUNCTION = YES;
				GCC_WARN_UNUSED_VARIABLE = YES;
				IPHONEOS_DEPLOYMENT_TARGET = 10.3;
				MTL_ENABLE_DEBUG_INFO = YES;
				ONLY_ACTIVE_ARCH = YES;
				SDKROOT = iphoneos;
			};
			name = Debug;
		};
		F6B41E3F1EE7E2C700022846 /* Release */ = {
			isa = XCBuildConfiguration;
			buildSettings = {
				ALWAYS_SEARCH_USER_PATHS = NO;
				CLANG_ANALYZER_NONNULL = YES;
				CLANG_ANALYZER_NUMBER_OBJECT_CONVERSION = YES_AGGRESSIVE;
				CLANG_CXX_LANGUAGE_STANDARD = "gnu++0x";
				CLANG_CXX_LIBRARY = "libc++";
				CLANG_ENABLE_MODULES = YES;
				CLANG_ENABLE_OBJC_ARC = YES;
				CLANG_WARN_BOOL_CONVERSION = YES;
				CLANG_WARN_CONSTANT_CONVERSION = YES;
				CLANG_WARN_DIRECT_OBJC_ISA_USAGE = YES_ERROR;
				CLANG_WARN_DOCUMENTATION_COMMENTS = YES;
				CLANG_WARN_EMPTY_BODY = YES;
				CLANG_WARN_ENUM_CONVERSION = YES;
				CLANG_WARN_INFINITE_RECURSION = YES;
				CLANG_WARN_INT_CONVERSION = YES;
				CLANG_WARN_OBJC_ROOT_CLASS = YES_ERROR;
				CLANG_WARN_SUSPICIOUS_MOVE = YES;
				CLANG_WARN_UNREACHABLE_CODE = YES;
				CLANG_WARN__DUPLICATE_METHOD_MATCH = YES;
				"CODE_SIGN_IDENTITY[sdk=iphoneos*]" = "iPhone Developer";
				COPY_PHASE_STRIP = NO;
				DEBUG_INFORMATION_FORMAT = "dwarf-with-dsym";
				ENABLE_NS_ASSERTIONS = NO;
				ENABLE_STRICT_OBJC_MSGSEND = YES;
				GCC_C_LANGUAGE_STANDARD = gnu99;
				GCC_NO_COMMON_BLOCKS = YES;
				GCC_WARN_64_TO_32_BIT_CONVERSION = YES;
				GCC_WARN_ABOUT_RETURN_TYPE = YES_ERROR;
				GCC_WARN_UNDECLARED_SELECTOR = YES;
				GCC_WARN_UNINITIALIZED_AUTOS = YES_AGGRESSIVE;
				GCC_WARN_UNUSED_FUNCTION = YES;
				GCC_WARN_UNUSED_VARIABLE = YES;
				IPHONEOS_DEPLOYMENT_TARGET = 10.3;
				MTL_ENABLE_DEBUG_INFO = NO;
				SDKROOT = iphoneos;
				VALIDATE_PRODUCT = YES;
			};
			name = Release;
		};
		F6B41E411EE7E2C700022846 /* Debug */ = {
			isa = XCBuildConfiguration;
			baseConfigurationReference = 904C1513EADD9B279AA4777C /* Pods-magnetometer.debug.xcconfig */;
			buildSettings = {
				ASSETCATALOG_COMPILER_APPICON_NAME = AppIcon;
				DEVELOPMENT_TEAM = AZT38BP2GZ;
				INFOPLIST_FILE = magnetometer/Info.plist;
				IPHONEOS_DEPLOYMENT_TARGET = 8.0;
				LD_RUNPATH_SEARCH_PATHS = "$(inherited) @executable_path/Frameworks";
				PRODUCT_BUNDLE_IDENTIFIER = com.byeonline.jianshu.magnetometer;
				PRODUCT_NAME = "$(TARGET_NAME)";
			};
			name = Debug;
		};
		F6B41E421EE7E2C700022846 /* Release */ = {
			isa = XCBuildConfiguration;
			baseConfigurationReference = 11AFD11B8F52154FBB538A82 /* Pods-magnetometer.release.xcconfig */;
			buildSettings = {
				ASSETCATALOG_COMPILER_APPICON_NAME = AppIcon;
				DEVELOPMENT_TEAM = AZT38BP2GZ;
				INFOPLIST_FILE = magnetometer/Info.plist;
				IPHONEOS_DEPLOYMENT_TARGET = 8.0;
				LD_RUNPATH_SEARCH_PATHS = "$(inherited) @executable_path/Frameworks";
				PRODUCT_BUNDLE_IDENTIFIER = com.byeonline.jianshu.magnetometer;
				PRODUCT_NAME = "$(TARGET_NAME)";
			};
			name = Release;
		};
/* End XCBuildConfiguration section */

/* Begin XCConfigurationList section */
		F6B41E241EE7E2C700022846 /* Build configuration list for PBXProject "magnetometer" */ = {
			isa = XCConfigurationList;
			buildConfigurations = (
				F6B41E3E1EE7E2C700022846 /* Debug */,
				F6B41E3F1EE7E2C700022846 /* Release */,
			);
			defaultConfigurationIsVisible = 0;
			defaultConfigurationName = Release;
		};
		F6B41E401EE7E2C700022846 /* Build configuration list for PBXNativeTarget "magnetometer" */ = {
			isa = XCConfigurationList;
			buildConfigurations = (
				F6B41E411EE7E2C700022846 /* Debug */,
				F6B41E421EE7E2C700022846 /* Release */,
			);
			defaultConfigurationIsVisible = 0;
			defaultConfigurationName = Release;
		};
/* End XCConfigurationList section */
	};
	rootObject = F6B41E211EE7E2C700022846 /* Project object */;
}
